
Microsoft Visual Studio Solution File, Format Version 12.00
# Visual Studio Version 17
VisualStudioVersion = 17.7.34202.233
MinimumVisualStudioVersion = 10.0.40219.1
Project("{FAE04EC0-301F-11D3-BF4B-00C04F79EFBC}") = "SocketServer", "SocketServer\SocketServer.csproj", "{D59BC71D-71A5-4C66-BA37-2422EF01CACA}"
EndProject
Project("{FAE04EC0-301F-11D3-BF4B-00C04F79EFBC}") = "SocketClient", "SocketClient\SocketClient.csproj", "{8D4F9BC0-1349-459B-8F21-5519A73CA18C}"
EndProject
Project("{FAE04EC0-301F-11D3-BF4B-00C04F79EFBC}") = "IntegrationTests", "IntegrationTests\IntegrationTests.csproj", "{5B0A9DF5-B992-49E4-B650-6B55838ADC67}"
EndProject
Project("{FAE04EC0-301F-11D3-BF4B-00C04F79EFBC}") = "Configuration", "Configuration\Configuration.csproj", "{B2026E94-01AC-42D3-BB09-E755CF290533}"
EndProject
Global
	GlobalSection(SolutionConfigurationPlatforms) = preSolution
		Debug|Any CPU = Debug|Any CPU
		Release|Any CPU = Release|Any CPU
	EndGlobalSection
	GlobalSection(ProjectConfigurationPlatforms) = postSolution
		{D59BC71D-71A5-4C66-BA37-2422EF01CACA}.Debug|Any CPU.ActiveCfg = Debug|Any CPU
		{D59BC71D-71A5-4C66-BA37-2422EF01CACA}.Debug|Any CPU.Build.0 = Debug|Any CPU
		{D59BC71D-71A5-4C66-BA37-2422EF01CACA}.Release|Any CPU.ActiveCfg = Release|Any CPU
		{D59BC71D-71A5-4C66-BA37-2422EF01CACA}.Release|Any CPU.Build.0 = Release|Any CPU
		{8D4F9BC0-1349-459B-8F21-5519A73CA18C}.Debug|Any CPU.ActiveCfg = Debug|Any CPU
		{8D4F9BC0-1349-459B-8F21-5519A73CA18C}.Debug|Any CPU.Build.0 = Debug|Any CPU
		{8D4F9BC0-1349-459B-8F21-5519A73CA18C}.Release|Any CPU.ActiveCfg = Release|Any CPU
		{8D4F9BC0-1349-459B-8F21-5519A73CA18C}.Release|Any CPU.Build.0 = Release|Any CPU
		{5B0A9DF5-B992-49E4-B650-6B55838ADC67}.Debug|Any CPU.ActiveCfg = Debug|Any CPU
		{5B0A9DF5-B992-49E4-B650-6B55838ADC67}.Debug|Any CPU.Build.0 = Debug|Any CPU
		{5B0A9DF5-B992-49E4-B650-6B55838ADC67}.Release|Any CPU.ActiveCfg = Release|Any CPU
		{5B0A9DF5-B992-49E4-B650-6B55838ADC67}.Release|Any CPU.Build.0 = Release|Any CPU
		{B2026E94-01AC-42D3-BB09-E755CF290533}.Debug|Any CPU.ActiveCfg = Debug|Any CPU
		{B2026E94-01AC-42D3-BB09-E755CF290533}.Debug|Any CPU.Build.0 = Debug|Any CPU
		{B2026E94-01AC-42D3-BB09-E755CF290533}.Release|Any CPU.ActiveCfg = Release|Any CPU
		{B2026E94-01AC-42D3-BB09-E755CF290533}.Release|Any CPU.Build.0 = Release|Any CPU
	EndGlobalSection
	GlobalSection(SolutionProperties) = preSolution
		HideSolutionNode = FALSE
	EndGlobalSection
	GlobalSection(ExtensibilityGlobals) = postSolution
		SolutionGuid = {A2980386-7751-4E31-B6CB-53CAC233A28D}
	EndGlobalSection
EndGlobal
